
Microsoft Visual Studio Solution File, Format Version 12.00
# Visual Studio Version 17
VisualStudioVersion = 17.7.34018.315
MinimumVisualStudioVersion = 10.0.40219.1
Project("{9A19103F-16F7-4668-BE54-9A1E7A4F7556}") = "FirstApp", "FirstApp\FirstApp.csproj", "{6FED26EE-C340-43FC-9FDD-18E89C23E4C5}"
EndProject
Project("{9A19103F-16F7-4668-BE54-9A1E7A4F7556}") = "Number_PI", "Lesson_2\1_Number_PI\Number_PI.csproj", "{C7B2622C-62D9-4709-9AA2-79DA5E220A30}"
EndProject
Project("{9A19103F-16F7-4668-BE54-9A1E7A4F7556}") = "SwappingValues", "Lesson_2\2_SwappingValues\SwappingValues.csproj", "{9621D9DD-A8B1-42DA-A5FB-10E454C69385}"
EndProject
Project("{9A19103F-16F7-4668-BE54-9A1E7A4F7556}") = "Distance", "Lesson_2\3_Distance\Distance.csproj", "{C893C368-A2AF-4247-849C-8EEE07957798}"
EndProject
Project("{9A19103F-16F7-4668-BE54-9A1E7A4F7556}") = "4_TwoDigitsNumber", "Lesson_2\4_TwoDigitsNumber\4_TwoDigitsNumber.csproj", "{BF8A6F92-6C58-4B98-AE05-F7273399114E}"
EndProject
Project("{9A19103F-16F7-4668-BE54-9A1E7A4F7556}") = "QuadraticEquation", "Lesson_3\QuadraticEquation\QuadraticEquation.csproj", "{E5A0EB39-1943-4830-B688-F91A3728829A}"
EndProject
Project("{9A19103F-16F7-4668-BE54-9A1E7A4F7556}") = "Constants", "Lesson_3\Constants\Constants.csproj", "{927EAD73-6AC4-4F8F-B2DE-6F3F14B75C7E}"
EndProject
Project("{9A19103F-16F7-4668-BE54-9A1E7A4F7556}") = "TernaryOperator", "Lesson_4\TernaryOperator\TernaryOperator.csproj", "{A9FF552F-FCC4-43FE-ABD9-5649BA709914}"
EndProject
Project("{9A19103F-16F7-4668-BE54-9A1E7A4F7556}") = "ForLoop", "Lesson_4\ForLoop\ForLoop.csproj", "{AC48A6F8-54FE-4DC5-8056-2F57B482BC30}"
EndProject
Project("{9A19103F-16F7-4668-BE54-9A1E7A4F7556}") = "WhileLoop", "Lesson_4\WhileLoop\WhileLoop.csproj", "{F5296982-5A58-4CDD-AB0B-A186B9178712}"
EndProject
Project("{9A19103F-16F7-4668-BE54-9A1E7A4F7556}") = "Arrays", "Lesson_5\Arrays\Arrays.csproj", "{A7700322-5A2C-4237-908F-BD1B41B62C8B}"
EndProject
Project("{9A19103F-16F7-4668-BE54-9A1E7A4F7556}") = "Arrays_2", "Lesson_6\Arrays_2\Arrays_2.csproj", "{22B384BD-9592-4C36-A0E9-1D5B034DCD00}"
EndProject
Project("{9A19103F-16F7-4668-BE54-9A1E7A4F7556}") = "ExampleOfMenuWithSubmenu", "Lesson_7\ExampleOfMenyWithSubmenu\ExampleOfMenuWithSubmenu.csproj", "{D13B0BCD-2C4A-47B1-B656-6B4579938D8B}"
EndProject
Project("{9A19103F-16F7-4668-BE54-9A1E7A4F7556}") = "Enum", "Lesson_7\Enum\Enum.csproj", "{83858638-D0C0-430E-841E-E444679CB3C2}"
EndProject
Project("{9A19103F-16F7-4668-BE54-9A1E7A4F7556}") = "OOP", "Lesson_8\OOP\OOP.csproj", "{4FD53046-342E-455A-92F0-ECA6C5484043}"
EndProject
Project("{9A19103F-16F7-4668-BE54-9A1E7A4F7556}") = "Constructor", "Lesson_9\Constructor\Constructor.csproj", "{EBDCC040-F13D-45D5-8554-E4A6A18D11ED}"
EndProject
Project("{9A19103F-16F7-4668-BE54-9A1E7A4F7556}") = "Figure", "Lesson_9\Figure\Figure.csproj", "{0AED88E3-6ACE-4A34-9BF8-ED5AFECFC85E}"
EndProject
Project("{9A19103F-16F7-4668-BE54-9A1E7A4F7556}") = "MyFigureLibrary", "Lesson_10\MyFigureLibrary\MyFigureLibrary.csproj", "{939F52BB-DB6A-420A-AB14-72CC7B88065E}"
EndProject
Project("{9A19103F-16F7-4668-BE54-9A1E7A4F7556}") = "ConsoleAppForFigureLib", "Lesson_10\ConsoleAppForFigureLib\ConsoleAppForFigureLib.csproj", "{09169670-7889-44B2-8A72-5562B1014481}"
EndProject
Project("{9A19103F-16F7-4668-BE54-9A1E7A4F7556}") = "Exception", "Lesson_10\Exception\Exception.csproj", "{C8D71302-4963-4D29-9EA5-D7CD79FC3AA7}"
EndProject
Project("{9A19103F-16F7-4668-BE54-9A1E7A4F7556}") = "Inheritance", "Lesson_11\Inheritance\Inheritance.csproj", "{3D4D872B-30FF-47F4-BADE-1F1F795105AD}"
EndProject
Project("{9A19103F-16F7-4668-BE54-9A1E7A4F7556}") = "Inheritance_Weapon", "Lesson_11\Inheritance_Weapon\Inheritance_Weapon.csproj", "{75A39D31-52D7-4267-8B6F-396DF152B352}"
EndProject
Project("{9A19103F-16F7-4668-BE54-9A1E7A4F7556}") = "VirtualMethodsAndAbstractClasses", "Lesson_12\VirtualMethodsAndAbstractClasses\VirtualMethodsAndAbstractClasses.csproj", "{E284C632-85E1-4274-9440-5DFECAB1E0FD}"
EndProject
Project("{9A19103F-16F7-4668-BE54-9A1E7A4F7556}") = "BankAccount", "Lesson_12\BankAccount\BankAccount.csproj", "{60803E79-F557-4EB8-B1C2-EB41773E571B}"
EndProject
Project("{9A19103F-16F7-4668-BE54-9A1E7A4F7556}") = "Interface", "Lesson_13\Interface\Interface.csproj", "{F661AAA2-8C5E-4E86-AA83-924EC2459E31}"
EndProject
Project("{9A19103F-16F7-4668-BE54-9A1E7A4F7556}") = "StaticClasses", "Lesson_13\StaticClasses\StaticClasses.csproj", "{404C869D-D4A3-46CA-A032-0555E52C2BD2}"
EndProject
Project("{9A19103F-16F7-4668-BE54-9A1E7A4F7556}") = "Plugin", "Lesson_13\Plagin2\Plugin.csproj", "{599145B8-83D9-4D0C-90D0-B9A5715AC7DF}"
EndProject
Project("{9A19103F-16F7-4668-BE54-9A1E7A4F7556}") = "StudentUtility", "Lesson_13\StudentUtility\StudentUtility.csproj", "{DB70ECFE-0CC5-4208-BCF2-F2663497F9FB}"
EndProject
Global
	GlobalSection(SolutionConfigurationPlatforms) = preSolution
		Debug|Any CPU = Debug|Any CPU
		Release|Any CPU = Release|Any CPU
	EndGlobalSection
	GlobalSection(ProjectConfigurationPlatforms) = postSolution
		{6FED26EE-C340-43FC-9FDD-18E89C23E4C5}.Debug|Any CPU.ActiveCfg = Debug|Any CPU
		{6FED26EE-C340-43FC-9FDD-18E89C23E4C5}.Debug|Any CPU.Build.0 = Debug|Any CPU
		{6FED26EE-C340-43FC-9FDD-18E89C23E4C5}.Release|Any CPU.ActiveCfg = Release|Any CPU
		{6FED26EE-C340-43FC-9FDD-18E89C23E4C5}.Release|Any CPU.Build.0 = Release|Any CPU
		{C7B2622C-62D9-4709-9AA2-79DA5E220A30}.Debug|Any CPU.ActiveCfg = Debug|Any CPU
		{C7B2622C-62D9-4709-9AA2-79DA5E220A30}.Debug|Any CPU.Build.0 = Debug|Any CPU
		{C7B2622C-62D9-4709-9AA2-79DA5E220A30}.Release|Any CPU.ActiveCfg = Release|Any CPU
		{C7B2622C-62D9-4709-9AA2-79DA5E220A30}.Release|Any CPU.Build.0 = Release|Any CPU
		{9621D9DD-A8B1-42DA-A5FB-10E454C69385}.Debug|Any CPU.ActiveCfg = Debug|Any CPU
		{9621D9DD-A8B1-42DA-A5FB-10E454C69385}.Debug|Any CPU.Build.0 = Debug|Any CPU
		{9621D9DD-A8B1-42DA-A5FB-10E454C69385}.Release|Any CPU.ActiveCfg = Release|Any CPU
		{9621D9DD-A8B1-42DA-A5FB-10E454C69385}.Release|Any CPU.Build.0 = Release|Any CPU
		{C893C368-A2AF-4247-849C-8EEE07957798}.Debug|Any CPU.ActiveCfg = Debug|Any CPU
		{C893C368-A2AF-4247-849C-8EEE07957798}.Debug|Any CPU.Build.0 = Debug|Any CPU
		{C893C368-A2AF-4247-849C-8EEE07957798}.Release|Any CPU.ActiveCfg = Release|Any CPU
		{C893C368-A2AF-4247-849C-8EEE07957798}.Release|Any CPU.Build.0 = Release|Any CPU
		{BF8A6F92-6C58-4B98-AE05-F7273399114E}.Debug|Any CPU.ActiveCfg = Debug|Any CPU
		{BF8A6F92-6C58-4B98-AE05-F7273399114E}.Debug|Any CPU.Build.0 = Debug|Any CPU
		{BF8A6F92-6C58-4B98-AE05-F7273399114E}.Release|Any CPU.ActiveCfg = Release|Any CPU
		{BF8A6F92-6C58-4B98-AE05-F7273399114E}.Release|Any CPU.Build.0 = Release|Any CPU
		{E5A0EB39-1943-4830-B688-F91A3728829A}.Debug|Any CPU.ActiveCfg = Debug|Any CPU
		{E5A0EB39-1943-4830-B688-F91A3728829A}.Debug|Any CPU.Build.0 = Debug|Any CPU
		{E5A0EB39-1943-4830-B688-F91A3728829A}.Release|Any CPU.ActiveCfg = Release|Any CPU
		{E5A0EB39-1943-4830-B688-F91A3728829A}.Release|Any CPU.Build.0 = Release|Any CPU
		{927EAD73-6AC4-4F8F-B2DE-6F3F14B75C7E}.Debug|Any CPU.ActiveCfg = Debug|Any CPU
		{927EAD73-6AC4-4F8F-B2DE-6F3F14B75C7E}.Debug|Any CPU.Build.0 = Debug|Any CPU
		{927EAD73-6AC4-4F8F-B2DE-6F3F14B75C7E}.Release|Any CPU.ActiveCfg = Release|Any CPU
		{927EAD73-6AC4-4F8F-B2DE-6F3F14B75C7E}.Release|Any CPU.Build.0 = Release|Any CPU
		{A9FF552F-FCC4-43FE-ABD9-5649BA709914}.Debug|Any CPU.ActiveCfg = Debug|Any CPU
		{A9FF552F-FCC4-43FE-ABD9-5649BA709914}.Debug|Any CPU.Build.0 = Debug|Any CPU
		{A9FF552F-FCC4-43FE-ABD9-5649BA709914}.Release|Any CPU.ActiveCfg = Release|Any CPU
		{A9FF552F-FCC4-43FE-ABD9-5649BA709914}.Release|Any CPU.Build.0 = Release|Any CPU
		{AC48A6F8-54FE-4DC5-8056-2F57B482BC30}.Debug|Any CPU.ActiveCfg = Debug|Any CPU
		{AC48A6F8-54FE-4DC5-8056-2F57B482BC30}.Debug|Any CPU.Build.0 = Debug|Any CPU
		{AC48A6F8-54FE-4DC5-8056-2F57B482BC30}.Release|Any CPU.ActiveCfg = Release|Any CPU
		{AC48A6F8-54FE-4DC5-8056-2F57B482BC30}.Release|Any CPU.Build.0 = Release|Any CPU
		{F5296982-5A58-4CDD-AB0B-A186B9178712}.Debug|Any CPU.ActiveCfg = Debug|Any CPU
		{F5296982-5A58-4CDD-AB0B-A186B9178712}.Debug|Any CPU.Build.0 = Debug|Any CPU
		{F5296982-5A58-4CDD-AB0B-A186B9178712}.Release|Any CPU.ActiveCfg = Release|Any CPU
		{F5296982-5A58-4CDD-AB0B-A186B9178712}.Release|Any CPU.Build.0 = Release|Any CPU
		{A7700322-5A2C-4237-908F-BD1B41B62C8B}.Debug|Any CPU.ActiveCfg = Debug|Any CPU
		{A7700322-5A2C-4237-908F-BD1B41B62C8B}.Debug|Any CPU.Build.0 = Debug|Any CPU
		{A7700322-5A2C-4237-908F-BD1B41B62C8B}.Release|Any CPU.ActiveCfg = Release|Any CPU
		{A7700322-5A2C-4237-908F-BD1B41B62C8B}.Release|Any CPU.Build.0 = Release|Any CPU
		{22B384BD-9592-4C36-A0E9-1D5B034DCD00}.Debug|Any CPU.ActiveCfg = Debug|Any CPU
		{22B384BD-9592-4C36-A0E9-1D5B034DCD00}.Debug|Any CPU.Build.0 = Debug|Any CPU
		{22B384BD-9592-4C36-A0E9-1D5B034DCD00}.Release|Any CPU.ActiveCfg = Release|Any CPU
		{22B384BD-9592-4C36-A0E9-1D5B034DCD00}.Release|Any CPU.Build.0 = Release|Any CPU
		{D13B0BCD-2C4A-47B1-B656-6B4579938D8B}.Debug|Any CPU.ActiveCfg = Debug|Any CPU
		{D13B0BCD-2C4A-47B1-B656-6B4579938D8B}.Debug|Any CPU.Build.0 = Debug|Any CPU
		{D13B0BCD-2C4A-47B1-B656-6B4579938D8B}.Release|Any CPU.ActiveCfg = Release|Any CPU
		{D13B0BCD-2C4A-47B1-B656-6B4579938D8B}.Release|Any CPU.Build.0 = Release|Any CPU
		{83858638-D0C0-430E-841E-E444679CB3C2}.Debug|Any CPU.ActiveCfg = Debug|Any CPU
		{83858638-D0C0-430E-841E-E444679CB3C2}.Debug|Any CPU.Build.0 = Debug|Any CPU
		{83858638-D0C0-430E-841E-E444679CB3C2}.Release|Any CPU.ActiveCfg = Release|Any CPU
		{83858638-D0C0-430E-841E-E444679CB3C2}.Release|Any CPU.Build.0 = Release|Any CPU
		{4FD53046-342E-455A-92F0-ECA6C5484043}.Debug|Any CPU.ActiveCfg = Debug|Any CPU
		{4FD53046-342E-455A-92F0-ECA6C5484043}.Debug|Any CPU.Build.0 = Debug|Any CPU
		{4FD53046-342E-455A-92F0-ECA6C5484043}.Release|Any CPU.ActiveCfg = Release|Any CPU
		{4FD53046-342E-455A-92F0-ECA6C5484043}.Release|Any CPU.Build.0 = Release|Any CPU
		{EBDCC040-F13D-45D5-8554-E4A6A18D11ED}.Debug|Any CPU.ActiveCfg = Debug|Any CPU
		{EBDCC040-F13D-45D5-8554-E4A6A18D11ED}.Debug|Any CPU.Build.0 = Debug|Any CPU
		{EBDCC040-F13D-45D5-8554-E4A6A18D11ED}.Release|Any CPU.ActiveCfg = Release|Any CPU
		{EBDCC040-F13D-45D5-8554-E4A6A18D11ED}.Release|Any CPU.Build.0 = Release|Any CPU
		{0AED88E3-6ACE-4A34-9BF8-ED5AFECFC85E}.Debug|Any CPU.ActiveCfg = Debug|Any CPU
		{0AED88E3-6ACE-4A34-9BF8-ED5AFECFC85E}.Debug|Any CPU.Build.0 = Debug|Any CPU
		{0AED88E3-6ACE-4A34-9BF8-ED5AFECFC85E}.Release|Any CPU.ActiveCfg = Release|Any CPU
		{0AED88E3-6ACE-4A34-9BF8-ED5AFECFC85E}.Release|Any CPU.Build.0 = Release|Any CPU
		{939F52BB-DB6A-420A-AB14-72CC7B88065E}.Debug|Any CPU.ActiveCfg = Debug|Any CPU
		{939F52BB-DB6A-420A-AB14-72CC7B88065E}.Debug|Any CPU.Build.0 = Debug|Any CPU
		{939F52BB-DB6A-420A-AB14-72CC7B88065E}.Release|Any CPU.ActiveCfg = Release|Any CPU
		{939F52BB-DB6A-420A-AB14-72CC7B88065E}.Release|Any CPU.Build.0 = Release|Any CPU
		{09169670-7889-44B2-8A72-5562B1014481}.Debug|Any CPU.ActiveCfg = Debug|Any CPU
		{09169670-7889-44B2-8A72-5562B1014481}.Debug|Any CPU.Build.0 = Debug|Any CPU
		{09169670-7889-44B2-8A72-5562B1014481}.Release|Any CPU.ActiveCfg = Release|Any CPU
		{09169670-7889-44B2-8A72-5562B1014481}.Release|Any CPU.Build.0 = Release|Any CPU
		{C8D71302-4963-4D29-9EA5-D7CD79FC3AA7}.Debug|Any CPU.ActiveCfg = Debug|Any CPU
		{C8D71302-4963-4D29-9EA5-D7CD79FC3AA7}.Debug|Any CPU.Build.0 = Debug|Any CPU
		{C8D71302-4963-4D29-9EA5-D7CD79FC3AA7}.Release|Any CPU.ActiveCfg = Release|Any CPU
		{C8D71302-4963-4D29-9EA5-D7CD79FC3AA7}.Release|Any CPU.Build.0 = Release|Any CPU
		{3D4D872B-30FF-47F4-BADE-1F1F795105AD}.Debug|Any CPU.ActiveCfg = Debug|Any CPU
		{3D4D872B-30FF-47F4-BADE-1F1F795105AD}.Debug|Any CPU.Build.0 = Debug|Any CPU
		{3D4D872B-30FF-47F4-BADE-1F1F795105AD}.Release|Any CPU.ActiveCfg = Release|Any CPU
		{3D4D872B-30FF-47F4-BADE-1F1F795105AD}.Release|Any CPU.Build.0 = Release|Any CPU
		{75A39D31-52D7-4267-8B6F-396DF152B352}.Debug|Any CPU.ActiveCfg = Debug|Any CPU
		{75A39D31-52D7-4267-8B6F-396DF152B352}.Debug|Any CPU.Build.0 = Debug|Any CPU
		{75A39D31-52D7-4267-8B6F-396DF152B352}.Release|Any CPU.ActiveCfg = Release|Any CPU
		{75A39D31-52D7-4267-8B6F-396DF152B352}.Release|Any CPU.Build.0 = Release|Any CPU
		{E284C632-85E1-4274-9440-5DFECAB1E0FD}.Debug|Any CPU.ActiveCfg = Debug|Any CPU
		{E284C632-85E1-4274-9440-5DFECAB1E0FD}.Debug|Any CPU.Build.0 = Debug|Any CPU
		{E284C632-85E1-4274-9440-5DFECAB1E0FD}.Release|Any CPU.ActiveCfg = Release|Any CPU
		{E284C632-85E1-4274-9440-5DFECAB1E0FD}.Release|Any CPU.Build.0 = Release|Any CPU
		{60803E79-F557-4EB8-B1C2-EB41773E571B}.Debug|Any CPU.ActiveCfg = Debug|Any CPU
		{60803E79-F557-4EB8-B1C2-EB41773E571B}.Debug|Any CPU.Build.0 = Debug|Any CPU
		{60803E79-F557-4EB8-B1C2-EB41773E571B}.Release|Any CPU.ActiveCfg = Release|Any CPU
		{60803E79-F557-4EB8-B1C2-EB41773E571B}.Release|Any CPU.Build.0 = Release|Any CPU
		{F661AAA2-8C5E-4E86-AA83-924EC2459E31}.Debug|Any CPU.ActiveCfg = Debug|Any CPU
		{F661AAA2-8C5E-4E86-AA83-924EC2459E31}.Debug|Any CPU.Build.0 = Debug|Any CPU
		{F661AAA2-8C5E-4E86-AA83-924EC2459E31}.Release|Any CPU.ActiveCfg = Release|Any CPU
		{F661AAA2-8C5E-4E86-AA83-924EC2459E31}.Release|Any CPU.Build.0 = Release|Any CPU
		{404C869D-D4A3-46CA-A032-0555E52C2BD2}.Debug|Any CPU.ActiveCfg = Debug|Any CPU
		{404C869D-D4A3-46CA-A032-0555E52C2BD2}.Debug|Any CPU.Build.0 = Debug|Any CPU
		{404C869D-D4A3-46CA-A032-0555E52C2BD2}.Release|Any CPU.ActiveCfg = Release|Any CPU
		{404C869D-D4A3-46CA-A032-0555E52C2BD2}.Release|Any CPU.Build.0 = Release|Any CPU
		{599145B8-83D9-4D0C-90D0-B9A5715AC7DF}.Debug|Any CPU.ActiveCfg = Debug|Any CPU
		{599145B8-83D9-4D0C-90D0-B9A5715AC7DF}.Debug|Any CPU.Build.0 = Debug|Any CPU
		{599145B8-83D9-4D0C-90D0-B9A5715AC7DF}.Release|Any CPU.ActiveCfg = Release|Any CPU
		{599145B8-83D9-4D0C-90D0-B9A5715AC7DF}.Release|Any CPU.Build.0 = Release|Any CPU
		{DB70ECFE-0CC5-4208-BCF2-F2663497F9FB}.Debug|Any CPU.ActiveCfg = Debug|Any CPU
		{DB70ECFE-0CC5-4208-BCF2-F2663497F9FB}.Debug|Any CPU.Build.0 = Debug|Any CPU
		{DB70ECFE-0CC5-4208-BCF2-F2663497F9FB}.Release|Any CPU.ActiveCfg = Release|Any CPU
		{DB70ECFE-0CC5-4208-BCF2-F2663497F9FB}.Release|Any CPU.Build.0 = Release|Any CPU
	EndGlobalSection
	GlobalSection(SolutionProperties) = preSolution
		HideSolutionNode = FALSE
	EndGlobalSection
	GlobalSection(ExtensibilityGlobals) = postSolution
		SolutionGuid = {4E82804C-FC3B-4DA9-9698-6BD7109818B7}
	EndGlobalSection
EndGlobal
